
Microsoft Visual Studio Solution File, Format Version 12.00
# Visual Studio 15
VisualStudioVersion = 15.0.27703.2047
MinimumVisualStudioVersion = 10.0.40219.1
Project("{8BC9CEB8-8B4A-11D0-8D11-00A0C91BC942}") = "LLVMDLL", "LLVMDLL\LLVMDLL.vcxproj", "{8A300218-5591-460B-8111-68D70170C3A6}"
EndProject
Project("{FAE04EC0-301F-11D3-BF4B-00C04F79EFBC}") = "LLVM", "LLVM\LLVM.csproj", "{218E291B-4EE7-4526-B4F6-EF72FDE40E90}"
EndProject
Project("{FAE04EC0-301F-11D3-BF4B-00C04F79EFBC}") = "LLVM.NativeLibrary", "LLVM.NativeLibrary\LLVM.NativeLibrary.csproj", "{6BB50A0F-7AC3-4DFC-BBDC-9F57A65D243F}"
EndProject
Project("{FAE04EC0-301F-11D3-BF4B-00C04F79EFBC}") = "LLVM.NativeLibrary.Test", "LLVM.NativeLibrary.Test\LLVM.NativeLibrary.Test.csproj", "{27F58C59-F117-471D-A02F-B95148E9A323}"
EndProject
Project("{2150E333-8FDC-42A3-9474-1A3956D46DE8}") = ".nuget", ".nuget", "{62307294-12CE-486C-97F0-C6B3A367765A}"
	ProjectSection(SolutionItems) = preProject
		.nuget\NuGet.Config = .nuget\NuGet.Config
		.nuget\NuGet.exe = .nuget\NuGet.exe
		.nuget\NuGet.targets = .nuget\NuGet.targets
	EndProjectSection
EndProject
Project("{FAE04EC0-301F-11D3-BF4B-00C04F79EFBC}") = "LLVM.Tests", "LLVM.Tests\LLVM.Tests.csproj", "{C0722D87-2027-46D5-8593-3C0DCF3137C7}"
EndProject
Project("{2150E333-8FDC-42A3-9474-1A3956D46DE8}") = "Solution Items", "Solution Items", "{80E0D31A-675B-49AC-96A2-06ED69DC6329}"
	ProjectSection(SolutionItems) = preProject
		.hgignore = .hgignore
	EndProjectSection
EndProject
Project("{2150E333-8FDC-42A3-9474-1A3956D46DE8}") = "Samples", "Samples", "{18672592-79FA-4235-B632-7ED6731646B4}"
EndProject
Project("{FAE04EC0-301F-11D3-BF4B-00C04F79EFBC}") = "Random", "Samples\Random\Random.csproj", "{7B83CA60-1894-42E7-8307-09907F9C5C77}"
EndProject
Project("{2150E333-8FDC-42A3-9474-1A3956D46DE8}") = "Repo", "Repo", "{26D43A7A-2221-4BCD-A458-2FC38BED7EA8}"
	ProjectSection(SolutionItems) = preProject
		.gitignore = .gitignore
		LICENSE = LICENSE
		README.md = README.md
	EndProjectSection
EndProject
Global
	GlobalSection(SolutionConfigurationPlatforms) = preSolution
		Debug|Any CPU = Debug|Any CPU
		Debug|Win32 = Debug|Win32
		Debug|x64 = Debug|x64
		Release|Any CPU = Release|Any CPU
		Release|Win32 = Release|Win32
		Release|x64 = Release|x64
	EndGlobalSection
	GlobalSection(ProjectConfigurationPlatforms) = postSolution
		{8A300218-5591-460B-8111-68D70170C3A6}.Debug|Any CPU.ActiveCfg = Debug|Win32
		{8A300218-5591-460B-8111-68D70170C3A6}.Debug|Win32.ActiveCfg = Debug|Win32
		{8A300218-5591-460B-8111-68D70170C3A6}.Debug|Win32.Build.0 = Debug|Win32
		{8A300218-5591-460B-8111-68D70170C3A6}.Debug|x64.ActiveCfg = Debug|x64
		{8A300218-5591-460B-8111-68D70170C3A6}.Debug|x64.Build.0 = Debug|x64
		{8A300218-5591-460B-8111-68D70170C3A6}.Release|Any CPU.ActiveCfg = Release|Win32
		{8A300218-5591-460B-8111-68D70170C3A6}.Release|Win32.ActiveCfg = Release|Win32
		{8A300218-5591-460B-8111-68D70170C3A6}.Release|Win32.Build.0 = Release|Win32
		{8A300218-5591-460B-8111-68D70170C3A6}.Release|x64.ActiveCfg = Release|x64
		{8A300218-5591-460B-8111-68D70170C3A6}.Release|x64.Build.0 = Release|x64
		{218E291B-4EE7-4526-B4F6-EF72FDE40E90}.Debug|Any CPU.ActiveCfg = Debug|Any CPU
		{218E291B-4EE7-4526-B4F6-EF72FDE40E90}.Debug|Any CPU.Build.0 = Debug|Any CPU
		{218E291B-4EE7-4526-B4F6-EF72FDE40E90}.Debug|Win32.ActiveCfg = Debug|Any CPU
		{218E291B-4EE7-4526-B4F6-EF72FDE40E90}.Debug|x64.ActiveCfg = Debug|Any CPU
		{218E291B-4EE7-4526-B4F6-EF72FDE40E90}.Release|Any CPU.ActiveCfg = Release|Any CPU
		{218E291B-4EE7-4526-B4F6-EF72FDE40E90}.Release|Any CPU.Build.0 = Release|Any CPU
		{218E291B-4EE7-4526-B4F6-EF72FDE40E90}.Release|Win32.ActiveCfg = Release|Any CPU
		{218E291B-4EE7-4526-B4F6-EF72FDE40E90}.Release|x64.ActiveCfg = Release|Any CPU
		{6BB50A0F-7AC3-4DFC-BBDC-9F57A65D243F}.Debug|Any CPU.ActiveCfg = Debug|Any CPU
		{6BB50A0F-7AC3-4DFC-BBDC-9F57A65D243F}.Debug|Any CPU.Build.0 = Debug|Any CPU
		{6BB50A0F-7AC3-4DFC-BBDC-9F57A65D243F}.Debug|Win32.ActiveCfg = Debug|Any CPU
		{6BB50A0F-7AC3-4DFC-BBDC-9F57A65D243F}.Debug|x64.ActiveCfg = Debug|Any CPU
		{6BB50A0F-7AC3-4DFC-BBDC-9F57A65D243F}.Release|Any CPU.ActiveCfg = Release|Any CPU
		{6BB50A0F-7AC3-4DFC-BBDC-9F57A65D243F}.Release|Any CPU.Build.0 = Release|Any CPU
		{6BB50A0F-7AC3-4DFC-BBDC-9F57A65D243F}.Release|Win32.ActiveCfg = Release|Any CPU
		{6BB50A0F-7AC3-4DFC-BBDC-9F57A65D243F}.Release|x64.ActiveCfg = Release|Any CPU
		{27F58C59-F117-471D-A02F-B95148E9A323}.Debug|Any CPU.ActiveCfg = Debug|Any CPU
		{27F58C59-F117-471D-A02F-B95148E9A323}.Debug|Any CPU.Build.0 = Debug|Any CPU
		{27F58C59-F117-471D-A02F-B95148E9A323}.Debug|Win32.ActiveCfg = Debug|Any CPU
		{27F58C59-F117-471D-A02F-B95148E9A323}.Debug|x64.ActiveCfg = Debug|Any CPU
		{27F58C59-F117-471D-A02F-B95148E9A323}.Release|Any CPU.ActiveCfg = Release|Any CPU
		{27F58C59-F117-471D-A02F-B95148E9A323}.Release|Any CPU.Build.0 = Release|Any CPU
		{27F58C59-F117-471D-A02F-B95148E9A323}.Release|Win32.ActiveCfg = Release|Any CPU
		{27F58C59-F117-471D-A02F-B95148E9A323}.Release|x64.ActiveCfg = Release|Any CPU
		{C0722D87-2027-46D5-8593-3C0DCF3137C7}.Debug|Any CPU.ActiveCfg = Debug|Any CPU
		{C0722D87-2027-46D5-8593-3C0DCF3137C7}.Debug|Any CPU.Build.0 = Debug|Any CPU
		{C0722D87-2027-46D5-8593-3C0DCF3137C7}.Debug|Win32.ActiveCfg = Debug|Any CPU
		{C0722D87-2027-46D5-8593-3C0DCF3137C7}.Debug|x64.ActiveCfg = Debug|Any CPU
		{C0722D87-2027-46D5-8593-3C0DCF3137C7}.Release|Any CPU.ActiveCfg = Release|Any CPU
		{C0722D87-2027-46D5-8593-3C0DCF3137C7}.Release|Any CPU.Build.0 = Release|Any CPU
		{C0722D87-2027-46D5-8593-3C0DCF3137C7}.Release|Win32.ActiveCfg = Release|Any CPU
		{C0722D87-2027-46D5-8593-3C0DCF3137C7}.Release|x64.ActiveCfg = Release|Any CPU
		{7B83CA60-1894-42E7-8307-09907F9C5C77}.Debug|Any CPU.ActiveCfg = Debug|Any CPU
		{7B83CA60-1894-42E7-8307-09907F9C5C77}.Debug|Any CPU.Build.0 = Debug|Any CPU
		{7B83CA60-1894-42E7-8307-09907F9C5C77}.Debug|Win32.ActiveCfg = Debug|Any CPU
		{7B83CA60-1894-42E7-8307-09907F9C5C77}.Debug|x64.ActiveCfg = Debug|Any CPU
		{7B83CA60-1894-42E7-8307-09907F9C5C77}.Release|Any CPU.ActiveCfg = Release|Any CPU
		{7B83CA60-1894-42E7-8307-09907F9C5C77}.Release|Any CPU.Build.0 = Release|Any CPU
		{7B83CA60-1894-42E7-8307-09907F9C5C77}.Release|Win32.ActiveCfg = Release|Any CPU
		{7B83CA60-1894-42E7-8307-09907F9C5C77}.Release|x64.ActiveCfg = Release|Any CPU
	EndGlobalSection
	GlobalSection(SolutionProperties) = preSolution
		HideSolutionNode = FALSE
	EndGlobalSection
	GlobalSection(NestedProjects) = preSolution
		{7B83CA60-1894-42E7-8307-09907F9C5C77} = {18672592-79FA-4235-B632-7ED6731646B4}
	EndGlobalSection
	GlobalSection(ExtensibilityGlobals) = postSolution
		SolutionGuid = {A5EFFAFF-304E-416D-917F-2EF94F779A70}
	EndGlobalSection
EndGlobal
